
Microsoft Visual Studio Solution File, Format Version 12.00
# Visual Studio Version 16
VisualStudioVersion = 16.0.30114.105
MinimumVisualStudioVersion = 10.0.40219.1
Project("{FAE04EC0-301F-11D3-BF4B-00C04F79EFBC}") = "wordle-solver", "src\wordle-solver.csproj", "{34CAC46D-F801-4206-94A0-36194FBD71DE}"
EndProject
Project("{FAE04EC0-301F-11D3-BF4B-00C04F79EFBC}") = "tests", "tests\tests.csproj", "{37A41163-2DDB-4798-959D-345F6A3DC970}"
EndProject
Global
	GlobalSection(SolutionConfigurationPlatforms) = preSolution
		Debug|Any CPU = Debug|Any CPU
		Debug|x64 = Debug|x64
		Debug|x86 = Debug|x86
		Release|Any CPU = Release|Any CPU
		Release|x64 = Release|x64
		Release|x86 = Release|x86
	EndGlobalSection
	GlobalSection(SolutionProperties) = preSolution
		HideSolutionNode = FALSE
	EndGlobalSection
	GlobalSection(ProjectConfigurationPlatforms) = postSolution
		{34CAC46D-F801-4206-94A0-36194FBD71DE}.Debug|Any CPU.ActiveCfg = Debug|Any CPU
		{34CAC46D-F801-4206-94A0-36194FBD71DE}.Debug|Any CPU.Build.0 = Debug|Any CPU
		{34CAC46D-F801-4206-94A0-36194FBD71DE}.Debug|x64.ActiveCfg = Debug|Any CPU
		{34CAC46D-F801-4206-94A0-36194FBD71DE}.Debug|x64.Build.0 = Debug|Any CPU
		{34CAC46D-F801-4206-94A0-36194FBD71DE}.Debug|x86.ActiveCfg = Debug|Any CPU
		{34CAC46D-F801-4206-94A0-36194FBD71DE}.Debug|x86.Build.0 = Debug|Any CPU
		{34CAC46D-F801-4206-94A0-36194FBD71DE}.Release|Any CPU.ActiveCfg = Release|Any CPU
		{34CAC46D-F801-4206-94A0-36194FBD71DE}.Release|Any CPU.Build.0 = Release|Any CPU
		{34CAC46D-F801-4206-94A0-36194FBD71DE}.Release|x64.ActiveCfg = Release|Any CPU
		{34CAC46D-F801-4206-94A0-36194FBD71DE}.Release|x64.Build.0 = Release|Any CPU
		{34CAC46D-F801-4206-94A0-36194FBD71DE}.Release|x86.ActiveCfg = Release|Any CPU
		{34CAC46D-F801-4206-94A0-36194FBD71DE}.Release|x86.Build.0 = Release|Any CPU
		{37A41163-2DDB-4798-959D-345F6A3DC970}.Debug|Any CPU.ActiveCfg = Debug|Any CPU
		{37A41163-2DDB-4798-959D-345F6A3DC970}.Debug|Any CPU.Build.0 = Debug|Any CPU
		{37A41163-2DDB-4798-959D-345F6A3DC970}.Debug|x64.ActiveCfg = Debug|Any CPU
		{37A41163-2DDB-4798-959D-345F6A3DC970}.Debug|x64.Build.0 = Debug|Any CPU
		{37A41163-2DDB-4798-959D-345F6A3DC970}.Debug|x86.ActiveCfg = Debug|Any CPU
		{37A41163-2DDB-4798-959D-345F6A3DC970}.Debug|x86.Build.0 = Debug|Any CPU
		{37A41163-2DDB-4798-959D-345F6A3DC970}.Release|Any CPU.ActiveCfg = Release|Any CPU
		{37A41163-2DDB-4798-959D-345F6A3DC970}.Release|Any CPU.Build.0 = Release|Any CPU
		{37A41163-2DDB-4798-959D-345F6A3DC970}.Release|x64.ActiveCfg = Release|Any CPU
		{37A41163-2DDB-4798-959D-345F6A3DC970}.Release|x64.Build.0 = Release|Any CPU
		{37A41163-2DDB-4798-959D-345F6A3DC970}.Release|x86.ActiveCfg = Release|Any CPU
		{37A41163-2DDB-4798-959D-345F6A3DC970}.Release|x86.Build.0 = Release|Any CPU
	EndGlobalSection
EndGlobal
